
Microsoft Visual Studio Solution File, Format Version 12.00
# Visual Studio 15
VisualStudioVersion = 15.0.26228.4
MinimumVisualStudioVersion = 10.0.40219.1
Project("{FAE04EC0-301F-11D3-BF4B-00C04F79EFBC}") = "Class Assignment", "Class Assignment\Class Assignment.csproj", "{A09064BB-AB09-4B81-9E69-2FA1A58178F7}"
EndProject
Project("{FAE04EC0-301F-11D3-BF4B-00C04F79EFBC}") = "Games Logic Library", "Games Logic Library\Games Logic Library.csproj", "{4F64860D-AC99-4ECA-BEBA-4C0D5E887EC8}"
EndProject
Project("{FAE04EC0-301F-11D3-BF4B-00C04F79EFBC}") = "Low Level Objects Library", "Low Level Objects Library\Low Level Objects Library.csproj", "{EF605389-E141-49F5-AAAE-29ACE65DEE90}"
EndProject
Global
	GlobalSection(SolutionConfigurationPlatforms) = preSolution
		Debug|Any CPU = Debug|Any CPU
		Release|Any CPU = Release|Any CPU
	EndGlobalSection
	GlobalSection(ProjectConfigurationPlatforms) = postSolution
		{A09064BB-AB09-4B81-9E69-2FA1A58178F7}.Debug|Any CPU.ActiveCfg = Debug|Any CPU
		{A09064BB-AB09-4B81-9E69-2FA1A58178F7}.Debug|Any CPU.Build.0 = Debug|Any CPU
		{A09064BB-AB09-4B81-9E69-2FA1A58178F7}.Release|Any CPU.ActiveCfg = Release|Any CPU
		{A09064BB-AB09-4B81-9E69-2FA1A58178F7}.Release|Any CPU.Build.0 = Release|Any CPU
		{4F64860D-AC99-4ECA-BEBA-4C0D5E887EC8}.Debug|Any CPU.ActiveCfg = Debug|Any CPU
		{4F64860D-AC99-4ECA-BEBA-4C0D5E887EC8}.Debug|Any CPU.Build.0 = Debug|Any CPU
		{4F64860D-AC99-4ECA-BEBA-4C0D5E887EC8}.Release|Any CPU.ActiveCfg = Release|Any CPU
		{4F64860D-AC99-4ECA-BEBA-4C0D5E887EC8}.Release|Any CPU.Build.0 = Release|Any CPU
		{EF605389-E141-49F5-AAAE-29ACE65DEE90}.Debug|Any CPU.ActiveCfg = Debug|Any CPU
		{EF605389-E141-49F5-AAAE-29ACE65DEE90}.Debug|Any CPU.Build.0 = Debug|Any CPU
		{EF605389-E141-49F5-AAAE-29ACE65DEE90}.Release|Any CPU.ActiveCfg = Release|Any CPU
		{EF605389-E141-49F5-AAAE-29ACE65DEE90}.Release|Any CPU.Build.0 = Release|Any CPU
	EndGlobalSection
	GlobalSection(SolutionProperties) = preSolution
		HideSolutionNode = FALSE
	EndGlobalSection
EndGlobal
